// !$*UTF8*$!
{
	archiveVersion = 1;
	classes = {
	};
	objectVersion = 50;
	objects = {

/* Begin PBXBuildFile section */
		BB945FDA2462DF2E00707295 /* AppDelegate.swift in Sources */ = {isa = PBXBuildFile; fileRef = BB945FD92462DF2E00707295 /* AppDelegate.swift */; };
		BB945FDC2462DF2E00707295 /* SceneDelegate.swift in Sources */ = {isa = PBXBuildFile; fileRef = BB945FDB2462DF2E00707295 /* SceneDelegate.swift */; };
		BB945FE12462DF2E00707295 /* Main.storyboard in Resources */ = {isa = PBXBuildFile; fileRef = BB945FDF2462DF2E00707295 /* Main.storyboard */; };
		BB945FE32462DF3200707295 /* Assets.xcassets in Resources */ = {isa = PBXBuildFile; fileRef = BB945FE22462DF3200707295 /* Assets.xcassets */; };
		BB945FE62462DF3200707295 /* LaunchScreen.storyboard in Resources */ = {isa = PBXBuildFile; fileRef = BB945FE42462DF3200707295 /* LaunchScreen.storyboard */; };
		BB945FEE2462DF8B00707295 /* MainTableViewController.swift in Sources */ = {isa = PBXBuildFile; fileRef = BB945FED2462DF8B00707295 /* MainTableViewController.swift */; };
		BB945FF22462E91F00707295 /* Validators.swift in Sources */ = {isa = PBXBuildFile; fileRef = BB945FF12462E91F00707295 /* Validators.swift */; };
		BB945FF42462ED7F00707295 /* ViewController.swift in Sources */ = {isa = PBXBuildFile; fileRef = BB945FF32462ED7F00707295 /* ViewController.swift */; };
/* End PBXBuildFile section */

/* Begin PBXFileReference section */
		BB945FD62462DF2E00707295 /* Список продуктов.app */ = {isa = PBXFileReference; explicitFileType = wrapper.application; includeInIndex = 0; path = "Список продуктов.app"; sourceTree = BUILT_PRODUCTS_DIR; };
		BB945FD92462DF2E00707295 /* AppDelegate.swift */ = {isa = PBXFileReference; lastKnownFileType = sourcecode.swift; path = AppDelegate.swift; sourceTree = "<group>"; };
		BB945FDB2462DF2E00707295 /* SceneDelegate.swift */ = {isa = PBXFileReference; lastKnownFileType = sourcecode.swift; path = SceneDelegate.swift; sourceTree = "<group>"; };
		BB945FE02462DF2E00707295 /* Base */ = {isa = PBXFileReference; lastKnownFileType = file.storyboard; name = Base; path = Base.lproj/Main.storyboard; sourceTree = "<group>"; };
		BB945FE22462DF3200707295 /* Assets.xcassets */ = {isa = PBXFileReference; lastKnownFileType = folder.assetcatalog; path = Assets.xcassets; sourceTree = "<group>"; };
		BB945FE52462DF3200707295 /* Base */ = {isa = PBXFileReference; lastKnownFileType = file.storyboard; name = Base; path = Base.lproj/LaunchScreen.storyboard; sourceTree = "<group>"; };
		BB945FE72462DF3200707295 /* Info.plist */ = {isa = PBXFileReference; lastKnownFileType = text.plist.xml; path = Info.plist; sourceTree = "<group>"; };
		BB945FED2462DF8B00707295 /* MainTableViewController.swift */ = {isa = PBXFileReference; lastKnownFileType = sourcecode.swift; path = MainTableViewController.swift; sourceTree = "<group>"; };
		BB945FF12462E91F00707295 /* Validators.swift */ = {isa = PBXFileReference; lastKnownFileType = sourcecode.swift; path = Validators.swift; sourceTree = "<group>"; };
		BB945FF32462ED7F00707295 /* ViewController.swift */ = {isa = PBXFileReference; lastKnownFileType = sourcecode.swift; path = ViewController.swift; sourceTree = "<group>"; };
/* End PBXFileReference section */

/* Begin PBXFrameworksBuildPhase section */
		BB945FD32462DF2E00707295 /* Frameworks */ = {
			isa = PBXFrameworksBuildPhase;
			buildActionMask = 2147483647;
			files = (
			);
			runOnlyForDeploymentPostprocessing = 0;
		};
/* End PBXFrameworksBuildPhase section */

/* Begin PBXGroup section */
		BB945FCD2462DF2E00707295 = {
			isa = PBXGroup;
			children = (
				BB945FD82462DF2E00707295 /* Список продуктов */,
				BB945FD72462DF2E00707295 /* Products */,
			);
			sourceTree = "<group>";
		};
		BB945FD72462DF2E00707295 /* Products */ = {
			isa = PBXGroup;
			children = (
				BB945FD62462DF2E00707295 /* Список продуктов.app */,
			);
			name = Products;
			sourceTree = "<group>";
		};
		BB945FD82462DF2E00707295 /* Список продуктов */ = {
			isa = PBXGroup;
			children = (
				BB945FD92462DF2E00707295 /* AppDelegate.swift */,
				BB945FDB2462DF2E00707295 /* SceneDelegate.swift */,
				BB945FED2462DF8B00707295 /* MainTableViewController.swift */,
				BB945FF32462ED7F00707295 /* ViewController.swift */,
				BB945FDF2462DF2E00707295 /* Main.storyboard */,
				BB945FF12462E91F00707295 /* Validators.swift */,
				BB945FE22462DF3200707295 /* Assets.xcassets */,
				BB945FE42462DF3200707295 /* LaunchScreen.storyboard */,
				BB945FE72462DF3200707295 /* Info.plist */,
			);
			path = "Список продуктов";
			sourceTree = "<group>";
		};
/* End PBXGroup section */

/* Begin PBXNativeTarget section */
		BB945FD52462DF2E00707295 /* Список продуктов */ = {
			isa = PBXNativeTarget;
			buildConfigurationList = BB945FEA2462DF3200707295 /* Build configuration list for PBXNativeTarget "Список продуктов" */;
			buildPhases = (
				BB945FD22462DF2E00707295 /* Sources */,
				BB945FD32462DF2E00707295 /* Frameworks */,
				BB945FD42462DF2E00707295 /* Resources */,
			);
			buildRules = (
			);
			dependencies = (
			);
			name = "Список продуктов";
			productName = "Список продуктов";
			productReference = BB945FD62462DF2E00707295 /* Список продуктов.app */;
			productType = "com.apple.product-type.application";
		};
/* End PBXNativeTarget section */

/* Begin PBXProject section */
		BB945FCE2462DF2E00707295 /* Project object */ = {
			isa = PBXProject;
			attributes = {
				LastSwiftUpdateCheck = 1140;
				LastUpgradeCheck = 1140;
				ORGANIZATIONNAME = "Viktor Smirnov";
				TargetAttributes = {
					BB945FD52462DF2E00707295 = {
						CreatedOnToolsVersion = 11.4;
					};
				};
			};
			buildConfigurationList = BB945FD12462DF2E00707295 /* Build configuration list for PBXProject "Список продуктов" */;
			compatibilityVersion = "Xcode 9.3";
			developmentRegion = en;
			hasScannedForEncodings = 0;
			knownRegions = (
				en,
				Base,
			);
			mainGroup = BB945FCD2462DF2E00707295;
			productRefGroup = BB945FD72462DF2E00707295 /* Products */;
			projectDirPath = "";
			projectRoot = "";
			targets = (
				BB945FD52462DF2E00707295 /* Список продуктов */,
			);
		};
/* End PBXProject section */

/* Begin PBXResourcesBuildPhase section */
		BB945FD42462DF2E00707295 /* Resources */ = {
			isa = PBXResourcesBuildPhase;
			buildActionMask = 2147483647;
			files = (
				BB945FE62462DF3200707295 /* LaunchScreen.storyboard in Resources */,
				BB945FE32462DF3200707295 /* Assets.xcassets in Resources */,
				BB945FE12462DF2E00707295 /* Main.storyboard in Resources */,
			);
			runOnlyForDeploymentPostprocessing = 0;
		};
/* End PBXResourcesBuildPhase section */

/* Begin PBXSourcesBuildPhase section */
		BB945FD22462DF2E00707295 /* Sources */ = {
			isa = PBXSourcesBuildPhase;
			buildActionMask = 2147483647;
			files = (
				BB945FF42462ED7F00707295 /* ViewController.swift in Sources */,
				BB945FEE2462DF8B00707295 /* MainTableViewController.swift in Sources */,
				BB945FDA2462DF2E00707295 /* AppDelegate.swift in Sources */,
				BB945FF22462E91F00707295 /* Validators.swift in Sources */,
				BB945FDC2462DF2E00707295 /* SceneDelegate.swift in Sources */,
			);
			runOnlyForDeploymentPostprocessing = 0;
		};
/* End PBXSourcesBuildPhase section */

/* Begin PBXVariantGroup section */
		BB945FDF2462DF2E00707295 /* Main.storyboard */ = {
			isa = PBXVariantGroup;
			children = (
				BB945FE02462DF2E00707295 /* Base */,
			);
			name = Main.storyboard;
			sourceTree = "<group>";
		};
		BB945FE42462DF3200707295 /* LaunchScreen.storyboard */ = {
			isa = PBXVariantGroup;
			children = (
				BB945FE52462DF3200707295 /* Base */,
			);
			name = LaunchScreen.storyboard;
			sourceTree = "<group>";
		};
/* End PBXVariantGroup section */

/* Begin XCBuildConfiguration section */
		BB945FE82462DF3200707295 /* Debug */ = {
			isa = XCBuildConfiguration;
			buildSettings = {
				ALWAYS_SEARCH_USER_PATHS = NO;
				CLANG_ANALYZER_NONNULL = YES;
				CLANG_ANALYZER_NUMBER_OBJECT_CONVERSION = YES_AGGRESSIVE;
				CLANG_CXX_LANGUAGE_STANDARD = "gnu++14";
				CLANG_CXX_LIBRARY = "libc++";
				CLANG_ENABLE_MODULES = YES;
				CLANG_ENABLE_OBJC_ARC = YES;
				CLANG_ENABLE_OBJC_WEAK = YES;
				CLANG_WARN_BLOCK_CAPTURE_AUTORELEASING = YES;
				CLANG_WARN_BOOL_CONVERSION = YES;
				CLANG_WARN_COMMA = YES;
				CLANG_WARN_CONSTANT_CONVERSION = YES;
				CLANG_WARN_DEPRECATED_OBJC_IMPLEMENTATIONS = YES;
				CLANG_WARN_DIRECT_OBJC_ISA_USAGE = YES_ERROR;
				CLANG_WARN_DOCUMENTATION_COMMENTS = YES;
				CLANG_WARN_EMPTY_BODY = YES;
				CLANG_WARN_ENUM_CONVERSION = YES;
				CLANG_WARN_INFINITE_RECURSION = YES;
				CLANG_WARN_INT_CONVERSION = YES;
				CLANG_WARN_NON_LITERAL_NULL_CONVERSION = YES;
				CLANG_WARN_OBJC_IMPLICIT_RETAIN_SELF = YES;
				CLANG_WARN_OBJC_LITERAL_CONVERSION = YES;
				CLANG_WARN_OBJC_ROOT_CLASS = YES_ERROR;
				CLANG_WARN_RANGE_LOOP_ANALYSIS = YES;
				CLANG_WARN_STRICT_PROTOTYPES = YES;
				CLANG_WARN_SUSPICIOUS_MOVE = YES;
				CLANG_WARN_UNGUARDED_AVAILABILITY = YES_AGGRESSIVE;
				CLANG_WARN_UNREACHABLE_CODE = YES;
				CLANG_WARN__DUPLICATE_METHOD_MATCH = YES;
				COPY_PHASE_STRIP = NO;
				DEBUG_INFORMATION_FORMAT = dwarf;
				ENABLE_STRICT_OBJC_MSGSEND = YES;
				ENABLE_TESTABILITY = YES;
				GCC_C_LANGUAGE_STANDARD = gnu11;
				GCC_DYNAMIC_NO_PIC = NO;
				GCC_NO_COMMON_BLOCKS = YES;
				GCC_OPTIMIZATION_LEVEL = 0;
				GCC_PREPROCESSOR_DEFINITIONS = (
					"DEBUG=1",
					"$(inherited)",
				);
				GCC_WARN_64_TO_32_BIT_CONVERSION = YES;
				GCC_WARN_ABOUT_RETURN_TYPE = YES_ERROR;
				GCC_WARN_UNDECLARED_SELECTOR = YES;
				GCC_WARN_UNINITIALIZED_AUTOS = YES_AGGRESSIVE;
				GCC_WARN_UNUSED_FUNCTION = YES;
				GCC_WARN_UNUSED_VARIABLE = YES;
				IPHONEOS_DEPLOYMENT_TARGET = 13.4;
				MTL_ENABLE_DEBUG_INFO = INCLUDE_SOURCE;
				MTL_FAST_MATH = YES;
				ONLY_ACTIVE_ARCH = YES;
				SDKROOT = iphoneos;
				SWIFT_ACTIVE_COMPILATION_CONDITIONS = DEBUG;
				SWIFT_OPTIMIZATION_LEVEL = "-Onone";
			};
			name = Debug;
		};
		BB945FE92462DF3200707295 /* Release */ = {
			isa = XCBuildConfiguration;
			buildSettings = {
				ALWAYS_SEARCH_USER_PATHS = NO;
				CLANG_ANALYZER_NONNULL = YES;
				CLANG_ANALYZER_NUMBER_OBJECT_CONVERSION = YES_AGGRESSIVE;
				CLANG_CXX_LANGUAGE_STANDARD = "gnu++14";
				CLANG_CXX_LIBRARY = "libc++";
				CLANG_ENABLE_MODULES = YES;
				CLANG_ENABLE_OBJC_ARC = YES;
				CLANG_ENABLE_OBJC_WEAK = YES;
				CLANG_WARN_BLOCK_CAPTURE_AUTORELEASING = YES;
				CLANG_WARN_BOOL_CONVERSION = YES;
				CLANG_WARN_COMMA = YES;
				CLANG_WARN_CONSTANT_CONVERSION = YES;
				CLANG_WARN_DEPRECATED_OBJC_IMPLEMENTATIONS = YES;
				CLANG_WARN_DIRECT_OBJC_ISA_USAGE = YES_ERROR;
				CLANG_WARN_DOCUMENTATION_COMMENTS = YES;
				CLANG_WARN_EMPTY_BODY = YES;
				CLANG_WARN_ENUM_CONVERSION = YES;
				CLANG_WARN_INFINITE_RECURSION = YES;
				CLANG_WARN_INT_CONVERSION = YES;
				CLANG_WARN_NON_LITERAL_NULL_CONVERSION = YES;
				CLANG_WARN_OBJC_IMPLICIT_RETAIN_SELF = YES;
				CLANG_WARN_OBJC_LITERAL_CONVERSION = YES;
				CLANG_WARN_OBJC_ROOT_CLASS = YES_ERROR;
				CLANG_WARN_RANGE_LOOP_ANALYSIS = YES;
				CLANG_WARN_STRICT_PROTOTYPES = YES;
				CLANG_WARN_SUSPICIOUS_MOVE = YES;
				CLANG_WARN_UNGUARDED_AVAILABILITY = YES_AGGRESSIVE;
				CLANG_WARN_UNREACHABLE_CODE = YES;
				CLANG_WARN__DUPLICATE_METHOD_MATCH = YES;
				COPY_PHASE_STRIP = NO;
				DEBUG_INFORMATION_FORMAT = "dwarf-with-dsym";
				ENABLE_NS_ASSERTIONS = NO;
				ENABLE_STRICT_OBJC_MSGSEND = YES;
				GCC_C_LANGUAGE_STANDARD = gnu11;
				GCC_NO_COMMON_BLOCKS = YES;
				GCC_WARN_64_TO_32_BIT_CONVERSION = YES;
				GCC_WARN_ABOUT_RETURN_TYPE = YES_ERROR;
				GCC_WARN_UNDECLARED_SELECTOR = YES;
				GCC_WARN_UNINITIALIZED_AUTOS = YES_AGGRESSIVE;
				GCC_WARN_UNUSED_FUNCTION = YES;
				GCC_WARN_UNUSED_VARIABLE = YES;
				IPHONEOS_DEPLOYMENT_TARGET = 13.4;
				MTL_ENABLE_DEBUG_INFO = NO;
				MTL_FAST_MATH = YES;
				SDKROOT = iphoneos;
				SWIFT_COMPILATION_MODE = wholemodule;
				SWIFT_OPTIMIZATION_LEVEL = "-O";
				VALIDATE_PRODUCT = YES;
			};
			name = Release;
		};
		BB945FEB2462DF3200707295 /* Debug */ = {
			isa = XCBuildConfiguration;
			buildSettings = {
				ASSETCATALOG_COMPILER_APPICON_NAME = AppIcon;
				CODE_SIGN_STYLE = Automatic;
				DEVELOPMENT_TEAM = S6ZHA5R5FZ;
				INFOPLIST_FILE = "Список продуктов/Info.plist";
				LD_RUNPATH_SEARCH_PATHS = (
					"$(inherited)",
					"@executable_path/Frameworks",
				);
				PRODUCT_BUNDLE_IDENTIFIER = "first-applecation.----------------";
				PRODUCT_NAME = "$(TARGET_NAME)";
				SWIFT_VERSION = 5.0;
				TARGETED_DEVICE_FAMILY = "1,2";
			};
			name = Debug;
		};
		BB945FEC2462DF3200707295 /* Release */ = {
			isa = XCBuildConfiguration;
			buildSettings = {
				ASSETCATALOG_COMPILER_APPICON_NAME = AppIcon;
				CODE_SIGN_STYLE = Automatic;
				DEVELOPMENT_TEAM = S6ZHA5R5FZ;
				INFOPLIST_FILE = "Список продуктов/Info.plist";
				LD_RUNPATH_SEARCH_PATHS = (
					"$(inherited)",
					"@executable_path/Frameworks",
				);
				PRODUCT_BUNDLE_IDENTIFIER = "first-applecation.----------------";
				PRODUCT_NAME = "$(TARGET_NAME)";
				SWIFT_VERSION = 5.0;
				TARGETED_DEVICE_FAMILY = "1,2";
			};
			name = Release;
		};
/* End XCBuildConfiguration section */

/* Begin XCConfigurationList section */
		BB945FD12462DF2E00707295 /* Build configuration list for PBXProject "Список продуктов" */ = {
			isa = XCConfigurationList;
			buildConfigurations = (
				BB945FE82462DF3200707295 /* Debug */,
				BB945FE92462DF3200707295 /* Release */,
			);
			defaultConfigurationIsVisible = 0;
			defaultConfigurationName = Release;
		};
		BB945FEA2462DF3200707295 /* Build configuration list for PBXNativeTarget "Список продуктов" */ = {
			isa = XCConfigurationList;
			buildConfigurations = (
				BB945FEB2462DF3200707295 /* Debug */,
				BB945FEC2462DF3200707295 /* Release */,
			);
			defaultConfigurationIsVisible = 0;
			defaultConfigurationName = Release;
		};
/* End XCConfigurationList section */
	};
	rootObject = BB945FCE2462DF2E00707295 /* Project object */;
}
